
Microsoft Visual Studio Solution File, Format Version 12.00
# Visual Studio Version 17
VisualStudioVersion = 17.0.32014.148
MinimumVisualStudioVersion = 10.0.40219.1
Project("{FAE04EC0-301F-11D3-BF4B-00C04F79EFBC}") = "HiM", "HiM\HiM.csproj", "{013056F7-DBA4-4FF9-9182-B02E89C1CC8D}"
EndProject
Global
	GlobalSection(SolutionConfigurationPlatforms) = preSolution
		Debug|Any CPU = Debug|Any CPU
		Release|Any CPU = Release|Any CPU
	EndGlobalSection
	GlobalSection(ProjectConfigurationPlatforms) = postSolution
		{013056F7-DBA4-4FF9-9182-B02E89C1CC8D}.Debug|Any CPU.ActiveCfg = Debug|Any CPU
		{013056F7-DBA4-4FF9-9182-B02E89C1CC8D}.Debug|Any CPU.Build.0 = Debug|Any CPU
		{013056F7-DBA4-4FF9-9182-B02E89C1CC8D}.Release|Any CPU.ActiveCfg = Release|Any CPU
		{013056F7-DBA4-4FF9-9182-B02E89C1CC8D}.Release|Any CPU.Build.0 = Release|Any CPU
	EndGlobalSection
	GlobalSection(SolutionProperties) = preSolution
		HideSolutionNode = FALSE
	EndGlobalSection
	GlobalSection(ExtensibilityGlobals) = postSolution
		SolutionGuid = {CC1D78D2-2D65-4B57-9232-6E9C21B16EBB}
	EndGlobalSection
EndGlobal
